{
  "name": "@openfilamentcollective/ofd-validator",
  "version": "0.5.2",
  "lockfileVersion": 3,
  "requires": true,
  "packages": {
    "": {
      "name": "@openfilamentcollective/ofd-validator",
      "version": "0.5.2",
      "license": "MIT",
      "devDependencies": {
        "@napi-rs/cli": "^2.18.0"
      },
      "optionalDependencies": {
        "@openfilamentcollective/ofd-validator-darwin-arm64": "0.5.2",
        "@openfilamentcollective/ofd-validator-darwin-x64": "0.5.2",
        "@openfilamentcollective/ofd-validator-linux-arm64-gnu": "0.5.2",
        "@openfilamentcollective/ofd-validator-linux-x64-gnu": "0.5.2",
        "@openfilamentcollective/ofd-validator-win32-x64-msvc": "0.5.2"
      }
    },
    "node_modules/@napi-rs/cli": {
      "version": "2.18.4",
      "resolved": "https://registry.npmjs.org/@napi-rs/cli/-/cli-2.18.4.tgz",
      "integrity": "sha512-SgJeA4df9DE2iAEpr3M2H0OKl/yjtg1BnRI5/JyowS71tUWhrfSu2LT0V3vlHET+g1hBVlrO60PmEXwUEKp8Mg==",
      "dev": true,
      "license": "MIT",
      "bin": {
        "napi": "scripts/index.js"
      },
      "engines": {
        "node": ">= 10"
      },
      "funding": {
        "type": "github",
        "url": "https://github.com/sponsors/Brooooooklyn"
      }
    },
    "node_modules/@openfilamentcollective/ofd-validator-darwin-arm64": {
      "version": "0.5.2",
      "resolved": "https://registry.npmjs.org/@openfilamentcollective/ofd-validator-darwin-arm64/-/ofd-validator-darwin-arm64-0.5.2.tgz",
      "integrity": "sha512-OTY2XiwHlwioIEfpAkFCnq+BF1Bbh25c9TIX8EYe6uSF2NnZmAEr80NXP5g7WFfENeU3a1/s9VfuPLMRXzs7ew==",
      "cpu": [
        "arm64"
      ],
      "license": "MIT",
      "optional": true,
      "os": [
        "darwin"
      ]
    },
    "node_modules/@openfilamentcollective/ofd-validator-darwin-x64": {
      "version": "0.5.2",
      "resolved": "https://registry.npmjs.org/@openfilamentcollective/ofd-validator-darwin-x64/-/ofd-validator-darwin-x64-0.5.2.tgz",
      "integrity": "sha512-nPS07VqcnGLEw5Z+4gX9oyD+mJ24sQm5pC9Gms5PPhXtEcM78hxq/CTUDERrclWhNL1pz4p2ijK8DizgGHYFDQ==",
      "cpu": [
        "x64"
      ],
      "license": "MIT",
      "optional": true,
      "os": [
        "darwin"
      ]
    },
    "node_modules/@openfilamentcollective/ofd-validator-linux-arm64-gnu": {
      "version": "0.5.2",
      "resolved": "https://registry.npmjs.org/@openfilamentcollective/ofd-validator-linux-arm64-gnu/-/ofd-validator-linux-arm64-gnu-0.5.2.tgz",
      "integrity": "sha512-qSxmM1z1ffwIu6LJynH57d5MmH+dVgdCar1kawzJFfYc+1p/XajgRPLIsSb3erHoJOasoqnooQF/ggkOTYfxKw==",
      "cpu": [
        "arm64"
      ],
      "license": "MIT",
      "optional": true,
      "os": [
        "linux"
      ]
    },
    "node_modules/@openfilamentcollective/ofd-validator-linux-x64-gnu": {
      "version": "0.5.2",
      "resolved": "https://registry.npmjs.org/@openfilamentcollective/ofd-validator-linux-x64-gnu/-/ofd-validator-linux-x64-gnu-0.5.2.tgz",
      "integrity": "sha512-rzULY/2qb63taGh51Y6AiqUfOe0cLAqOggPOhatFm+dFzq9DkwLn83PFpCIIZe5hx7tA3FDRV0YfhJOPI96zbw==",
      "cpu": [
        "x64"
      ],
      "license": "MIT",
      "optional": true,
      "os": [
        "linux"
      ]
    },
    "node_modules/@openfilamentcollective/ofd-validator-win32-x64-msvc": {
      "version": "0.5.2",
      "resolved": "https://registry.npmjs.org/@openfilamentcollective/ofd-validator-win32-x64-msvc/-/ofd-validator-win32-x64-msvc-0.5.2.tgz",
      "integrity": "sha512-IZZ4YIseQAFEfZbsaSXw1y6sgYmth0yyr1xBqM3Ku/ncKnlvDj8n1MQ64tjG8kEtuBizcyDZiQcK3F2hrEVlAg==",
      "cpu": [
        "x64"
      ],
      "license": "MIT",
      "optional": true,
      "os": [
        "win32"
      ]
    }
  }
}
